{
  "name": "excel-blazor-add-in",
  "lockfileVersion": 2,
  "requires": true,
  "packages": {
    "": {
      "dependencies": {
        "@microsoft/dotnet-js-interop": "^7.0.4",
        "@types/office-js": "^1.0.318",
        "blazor": "^6.0.7",
        "typescript": "^5.0.2"
      }
    },
    "node_modules/@microsoft/dotnet-js-interop": {
      "version": "7.0.4",
      "resolved": "https://registry.npmjs.org/@microsoft/dotnet-js-interop/-/dotnet-js-interop-7.0.4.tgz",
      "integrity": "sha512-oCLX78HwIOF1Pxu1pJRTjWeLB7jFdThBJMvf91TX3Ymxm+ebq+L/UDX6HX1TfQmEuuVVYezrTUBQugD9bSYskQ=="
    },
    "node_modules/@types/office-js": {
      "version": "1.0.318",
      "resolved": "https://registry.npmjs.org/@types/office-js/-/office-js-1.0.318.tgz",
      "integrity": "sha512-3uidjkHTzqewiVnkv/honfmh9YzNRxDMAB0jKj/xhN2crrSCn3lSGvsXRlmHbDo1c4Jc44vZY1B83qwc2vs6XA=="
    },
    "node_modules/blazor": {
      "version": "6.0.7",
      "resolved": "https://registry.npmjs.org/blazor/-/blazor-6.0.7.tgz",
      "integrity": "sha512-wrhODuJoLAip/jrAVl+dQSoo4ZU7Im09Rzz3Ukjj0H0mdZPY1IAQiLVgdBvgSVjwLefmK4lTS0+UNPAwGHZ9kw=="
    },
    "node_modules/typescript": {
      "version": "5.0.2",
      "resolved": "https://registry.npmjs.org/typescript/-/typescript-5.0.2.tgz",
      "integrity": "sha512-wVORMBGO/FAs/++blGNeAVdbNKtIh1rbBL2EyQ1+J9lClJ93KiiKe8PmFIVdXhHcyv44SL9oglmfeSsndo0jRw==",
      "bin": {
        "tsc": "bin/tsc",
        "tsserver": "bin/tsserver"
      },
      "engines": {
        "node": ">=12.20"
      }
    }
  },
  "dependencies": {
    "@microsoft/dotnet-js-interop": {
      "version": "7.0.4",
      "resolved": "https://registry.npmjs.org/@microsoft/dotnet-js-interop/-/dotnet-js-interop-7.0.4.tgz",
      "integrity": "sha512-oCLX78HwIOF1Pxu1pJRTjWeLB7jFdThBJMvf91TX3Ymxm+ebq+L/UDX6HX1TfQmEuuVVYezrTUBQugD9bSYskQ=="
    },
    "@types/office-js": {
      "version": "1.0.318",
      "resolved": "https://registry.npmjs.org/@types/office-js/-/office-js-1.0.318.tgz",
      "integrity": "sha512-3uidjkHTzqewiVnkv/honfmh9YzNRxDMAB0jKj/xhN2crrSCn3lSGvsXRlmHbDo1c4Jc44vZY1B83qwc2vs6XA=="
    },
    "blazor": {
      "version": "6.0.7",
      "resolved": "https://registry.npmjs.org/blazor/-/blazor-6.0.7.tgz",
      "integrity": "sha512-wrhODuJoLAip/jrAVl+dQSoo4ZU7Im09Rzz3Ukjj0H0mdZPY1IAQiLVgdBvgSVjwLefmK4lTS0+UNPAwGHZ9kw=="
    },
    "typescript": {
      "version": "5.0.2",
      "resolved": "https://registry.npmjs.org/typescript/-/typescript-5.0.2.tgz",
      "integrity": "sha512-wVORMBGO/FAs/++blGNeAVdbNKtIh1rbBL2EyQ1+J9lClJ93KiiKe8PmFIVdXhHcyv44SL9oglmfeSsndo0jRw=="
    }
  }
}
